
Microsoft Visual Studio Solution File, Format Version 12.00
# Visual Studio Version 16
VisualStudioVersion = 16.0.29905.134
MinimumVisualStudioVersion = 10.0.40219.1
Project("{9A19103F-16F7-4668-BE54-9A1E7A4F7556}") = "WithDependencyInjection", "WithDependencyInjection\WithDependencyInjection.csproj", "{CEAC8978-0D67-42C2-A28E-D8F88122FF8B}"
EndProject
Project("{9A19103F-16F7-4668-BE54-9A1E7A4F7556}") = "Serialization.Abstractions", "..\src\Serialization.Abstractions\Serialization.Abstractions.csproj", "{3137142A-7469-484B-B3B4-2273C998F9EC}"
EndProject
Project("{9A19103F-16F7-4668-BE54-9A1E7A4F7556}") = "Serialization.MicrosoftJson", "..\src\Serialization.MicrosoftJson\Serialization.MicrosoftJson.csproj", "{D8FA306B-8573-4D3D-9B7E-322E3F734220}"
EndProject
Project("{9A19103F-16F7-4668-BE54-9A1E7A4F7556}") = "Serialization.MicrosoftJson.DependencyInjection", "..\src\Serialization.MicrosoftJson.DependencyInjection\Serialization.MicrosoftJson.DependencyInjection.csproj", "{14193BE9-ED8B-454A-B170-4437996FC590}"
EndProject
Global
	GlobalSection(SolutionConfigurationPlatforms) = preSolution
		Debug|Any CPU = Debug|Any CPU
		Release|Any CPU = Release|Any CPU
	EndGlobalSection
	GlobalSection(ProjectConfigurationPlatforms) = postSolution
		{CEAC8978-0D67-42C2-A28E-D8F88122FF8B}.Debug|Any CPU.ActiveCfg = Debug|Any CPU
		{CEAC8978-0D67-42C2-A28E-D8F88122FF8B}.Debug|Any CPU.Build.0 = Debug|Any CPU
		{CEAC8978-0D67-42C2-A28E-D8F88122FF8B}.Release|Any CPU.ActiveCfg = Release|Any CPU
		{CEAC8978-0D67-42C2-A28E-D8F88122FF8B}.Release|Any CPU.Build.0 = Release|Any CPU
		{3137142A-7469-484B-B3B4-2273C998F9EC}.Debug|Any CPU.ActiveCfg = Debug|Any CPU
		{3137142A-7469-484B-B3B4-2273C998F9EC}.Debug|Any CPU.Build.0 = Debug|Any CPU
		{3137142A-7469-484B-B3B4-2273C998F9EC}.Release|Any CPU.ActiveCfg = Release|Any CPU
		{3137142A-7469-484B-B3B4-2273C998F9EC}.Release|Any CPU.Build.0 = Release|Any CPU
		{D8FA306B-8573-4D3D-9B7E-322E3F734220}.Debug|Any CPU.ActiveCfg = Debug|Any CPU
		{D8FA306B-8573-4D3D-9B7E-322E3F734220}.Debug|Any CPU.Build.0 = Debug|Any CPU
		{D8FA306B-8573-4D3D-9B7E-322E3F734220}.Release|Any CPU.ActiveCfg = Release|Any CPU
		{D8FA306B-8573-4D3D-9B7E-322E3F734220}.Release|Any CPU.Build.0 = Release|Any CPU
		{14193BE9-ED8B-454A-B170-4437996FC590}.Debug|Any CPU.ActiveCfg = Debug|Any CPU
		{14193BE9-ED8B-454A-B170-4437996FC590}.Debug|Any CPU.Build.0 = Debug|Any CPU
		{14193BE9-ED8B-454A-B170-4437996FC590}.Release|Any CPU.ActiveCfg = Release|Any CPU
		{14193BE9-ED8B-454A-B170-4437996FC590}.Release|Any CPU.Build.0 = Release|Any CPU
	EndGlobalSection
	GlobalSection(SolutionProperties) = preSolution
		HideSolutionNode = FALSE
	EndGlobalSection
	GlobalSection(ExtensibilityGlobals) = postSolution
		SolutionGuid = {79B088AA-CDCC-4048-AE20-10DD16B0EA17}
	EndGlobalSection
EndGlobal
